
Microsoft Visual Studio Solution File, Format Version 12.00
# Visual Studio Version 17
VisualStudioVersion = 17.14.36429.23
MinimumVisualStudioVersion = 10.0.40219.1
Project("{FAE04EC0-301F-11D3-BF4B-00C04F79EFBC}") = "authorization.api", "platform.authorization\authorization.api.csproj", "{2D197FB4-A6C7-4031-B6CB-163903DF552D}"
EndProject
Project("{FAE04EC0-301F-11D3-BF4B-00C04F79EFBC}") = "authorization.data", "authorization.data\authorization.data.csproj", "{A5D91A70-BEB4-4904-8461-6161FBEDE0FB}"
EndProject
Project("{FAE04EC0-301F-11D3-BF4B-00C04F79EFBC}") = "authorization.application", "authorization.application\authorization.application.csproj", "{82B41B2A-0D58-4AFA-A497-359D910056F2}"
EndProject
Project("{FAE04EC0-301F-11D3-BF4B-00C04F79EFBC}") = "authorization.infrastructure", "authorization.infrastructure\authorization.infrastructure.csproj", "{B53634EB-1C2E-4D12-A3BE-3B5E2101A6DA}"
EndProject
Global
	GlobalSection(SolutionConfigurationPlatforms) = preSolution
		Debug|Any CPU = Debug|Any CPU
		Release|Any CPU = Release|Any CPU
	EndGlobalSection
	GlobalSection(ProjectConfigurationPlatforms) = postSolution
		{2D197FB4-A6C7-4031-B6CB-163903DF552D}.Debug|Any CPU.ActiveCfg = Debug|Any CPU
		{2D197FB4-A6C7-4031-B6CB-163903DF552D}.Debug|Any CPU.Build.0 = Debug|Any CPU
		{2D197FB4-A6C7-4031-B6CB-163903DF552D}.Release|Any CPU.ActiveCfg = Release|Any CPU
		{2D197FB4-A6C7-4031-B6CB-163903DF552D}.Release|Any CPU.Build.0 = Release|Any CPU
		{A5D91A70-BEB4-4904-8461-6161FBEDE0FB}.Debug|Any CPU.ActiveCfg = Debug|Any CPU
		{A5D91A70-BEB4-4904-8461-6161FBEDE0FB}.Debug|Any CPU.Build.0 = Debug|Any CPU
		{A5D91A70-BEB4-4904-8461-6161FBEDE0FB}.Release|Any CPU.ActiveCfg = Release|Any CPU
		{A5D91A70-BEB4-4904-8461-6161FBEDE0FB}.Release|Any CPU.Build.0 = Release|Any CPU
		{82B41B2A-0D58-4AFA-A497-359D910056F2}.Debug|Any CPU.ActiveCfg = Debug|Any CPU
		{82B41B2A-0D58-4AFA-A497-359D910056F2}.Debug|Any CPU.Build.0 = Debug|Any CPU
		{82B41B2A-0D58-4AFA-A497-359D910056F2}.Release|Any CPU.ActiveCfg = Release|Any CPU
		{82B41B2A-0D58-4AFA-A497-359D910056F2}.Release|Any CPU.Build.0 = Release|Any CPU
		{B53634EB-1C2E-4D12-A3BE-3B5E2101A6DA}.Debug|Any CPU.ActiveCfg = Debug|Any CPU
		{B53634EB-1C2E-4D12-A3BE-3B5E2101A6DA}.Debug|Any CPU.Build.0 = Debug|Any CPU
		{B53634EB-1C2E-4D12-A3BE-3B5E2101A6DA}.Release|Any CPU.ActiveCfg = Release|Any CPU
		{B53634EB-1C2E-4D12-A3BE-3B5E2101A6DA}.Release|Any CPU.Build.0 = Release|Any CPU
	EndGlobalSection
	GlobalSection(SolutionProperties) = preSolution
		HideSolutionNode = FALSE
	EndGlobalSection
	GlobalSection(ExtensibilityGlobals) = postSolution
		SolutionGuid = {1560F08E-7BA5-4970-AEAB-4F46BAC66D9D}
	EndGlobalSection
EndGlobal
